
Microsoft Visual Studio Solution File, Format Version 12.00
# Visual Studio Version 17
VisualStudioVersion = 17.3.32922.545
MinimumVisualStudioVersion = 10.0.40219.1
Project("{FAE04EC0-301F-11D3-BF4B-00C04F79EFBC}") = "BibliotecaEAN", "BibliotecaEAN.csproj", "{C752EE3B-5AF2-4818-BB9F-F6ECE4384BB4}"
EndProject
Project("{FAE04EC0-301F-11D3-BF4B-00C04F79EFBC}") = "CapaDatos_BibliotecaEan", "..\CapaDatos_BibliotecaEan\CapaDatos_BibliotecaEan.csproj", "{44D42267-21BB-4758-A7A3-1EF055C00635}"
EndProject
Project("{FAE04EC0-301F-11D3-BF4B-00C04F79EFBC}") = "CapaEntidad_BibliotecaEan", "..\CapaEntidad_BibliotecaEan\CapaEntidad_BibliotecaEan.csproj", "{B3D9DBE9-A750-4AEE-93A4-13E61D908AC9}"
EndProject
Project("{FAE04EC0-301F-11D3-BF4B-00C04F79EFBC}") = "CapaNegocio_BibliotecaEan", "..\CapaNegocio_BibliotecaEan\CapaNegocio_BibliotecaEan.csproj", "{68CA2519-5F01-44A7-9B4B-2374D0392D8A}"
EndProject
Global
	GlobalSection(SolutionConfigurationPlatforms) = preSolution
		Debug|Any CPU = Debug|Any CPU
		Release|Any CPU = Release|Any CPU
	EndGlobalSection
	GlobalSection(ProjectConfigurationPlatforms) = postSolution
		{C752EE3B-5AF2-4818-BB9F-F6ECE4384BB4}.Debug|Any CPU.ActiveCfg = Debug|Any CPU
		{C752EE3B-5AF2-4818-BB9F-F6ECE4384BB4}.Debug|Any CPU.Build.0 = Debug|Any CPU
		{C752EE3B-5AF2-4818-BB9F-F6ECE4384BB4}.Release|Any CPU.ActiveCfg = Release|Any CPU
		{C752EE3B-5AF2-4818-BB9F-F6ECE4384BB4}.Release|Any CPU.Build.0 = Release|Any CPU
		{44D42267-21BB-4758-A7A3-1EF055C00635}.Debug|Any CPU.ActiveCfg = Debug|Any CPU
		{44D42267-21BB-4758-A7A3-1EF055C00635}.Debug|Any CPU.Build.0 = Debug|Any CPU
		{44D42267-21BB-4758-A7A3-1EF055C00635}.Release|Any CPU.ActiveCfg = Release|Any CPU
		{44D42267-21BB-4758-A7A3-1EF055C00635}.Release|Any CPU.Build.0 = Release|Any CPU
		{B3D9DBE9-A750-4AEE-93A4-13E61D908AC9}.Debug|Any CPU.ActiveCfg = Debug|Any CPU
		{B3D9DBE9-A750-4AEE-93A4-13E61D908AC9}.Debug|Any CPU.Build.0 = Debug|Any CPU
		{B3D9DBE9-A750-4AEE-93A4-13E61D908AC9}.Release|Any CPU.ActiveCfg = Release|Any CPU
		{B3D9DBE9-A750-4AEE-93A4-13E61D908AC9}.Release|Any CPU.Build.0 = Release|Any CPU
		{68CA2519-5F01-44A7-9B4B-2374D0392D8A}.Debug|Any CPU.ActiveCfg = Debug|Any CPU
		{68CA2519-5F01-44A7-9B4B-2374D0392D8A}.Debug|Any CPU.Build.0 = Debug|Any CPU
		{68CA2519-5F01-44A7-9B4B-2374D0392D8A}.Release|Any CPU.ActiveCfg = Release|Any CPU
		{68CA2519-5F01-44A7-9B4B-2374D0392D8A}.Release|Any CPU.Build.0 = Release|Any CPU
	EndGlobalSection
	GlobalSection(SolutionProperties) = preSolution
		HideSolutionNode = FALSE
	EndGlobalSection
	GlobalSection(ExtensibilityGlobals) = postSolution
		SolutionGuid = {A0BF7CC3-11E7-42AC-B5A2-E02CC9EF9B11}
	EndGlobalSection
EndGlobal
